
Microsoft Visual Studio Solution File, Format Version 12.00
# Visual Studio Version 17
VisualStudioVersion = 17.4.33103.184
MinimumVisualStudioVersion = 10.0.40219.1
Project("{9A19103F-16F7-4668-BE54-9A1E7A4F7556}") = "TTTN", "TTTN.csproj", "{C64A70D7-0AEA-41AA-B399-545BDE376BC1}"
EndProject
Global
	GlobalSection(SolutionConfigurationPlatforms) = preSolution
		Debug|Any CPU = Debug|Any CPU
		Release|Any CPU = Release|Any CPU
	EndGlobalSection
	GlobalSection(ProjectConfigurationPlatforms) = postSolution
		{C64A70D7-0AEA-41AA-B399-545BDE376BC1}.Debug|Any CPU.ActiveCfg = Debug|Any CPU
		{C64A70D7-0AEA-41AA-B399-545BDE376BC1}.Debug|Any CPU.Build.0 = Debug|Any CPU
		{C64A70D7-0AEA-41AA-B399-545BDE376BC1}.Release|Any CPU.ActiveCfg = Release|Any CPU
		{C64A70D7-0AEA-41AA-B399-545BDE376BC1}.Release|Any CPU.Build.0 = Release|Any CPU
	EndGlobalSection
	GlobalSection(SolutionProperties) = preSolution
		HideSolutionNode = FALSE
	EndGlobalSection
	GlobalSection(ExtensibilityGlobals) = postSolution
		SolutionGuid = {290086B4-91D0-4142-99D6-44288CBD8A7B}
	EndGlobalSection
EndGlobal
